# This file was autogenerated by Stack.
# You should not edit this file by hand.
# For more information, please see the documentation at:
#   https://docs.haskellstack.org/en/stable/lock_files

packages:
- completed:
    hackage: streaming-with-0.3.0.0@sha256:5d1637de1023aa2bb3fac5999f4c915afdbf702c81461b54ebfcc9749a372c46,1298
    pantry-tree:
      size: 390
      sha256: 9df17014864b5c0bd30fe91c1933b7ee951b5f3d832dd5ca43ff2c370cc8e3a3
  original:
    hackage: streaming-with-0.3.0.0@sha256:5d1637de1023aa2bb3fac5999f4c915afdbf702c81461b54ebfcc9749a372c46,1298
- completed:
    name: streaming-nonempty
    version: 0.1.0.0
    git: https://gitlab.com/global-access-public/streaming-nonempty
    pantry-tree:
      size: 589
      sha256: 5e456eda0698be152d55a0e4fe5b04b0f5509eb8338d55ef5455b80819924331
    commit: d0395dca06a20eef220279b49f91cdda9614d72c
  original:
    git: https://gitlab.com/global-access-public/streaming-nonempty
    commit: d0395dca06a20eef220279b49f91cdda9614d72c
snapshots:
- completed:
    size: 619161
    url: https://raw.githubusercontent.com/commercialhaskell/stackage-snapshots/master/lts/19/17.yaml
    sha256: 7f47507fd037228a8d23cf830f5844e1f006221acebdd7cb49f2f5fb561e0546
  original:
    url: https://raw.githubusercontent.com/commercialhaskell/stackage-snapshots/master/lts/19/17.yaml
